
Microsoft Visual Studio Solution File, Format Version 12.00
# Visual Studio Version 17
VisualStudioVersion = 17.0.31903.59
MinimumVisualStudioVersion = 10.0.40219.1
Project("{FAE04EC0-301F-11D3-BF4B-00C04F79EFBC}") = "MyTests", "MyTests\MyTests.csproj", "{DC8517C0-BAB1-49DD-A7D2-1FC9317FD70F}"
EndProject
Project("{FAE04EC0-301F-11D3-BF4B-00C04F79EFBC}") = "MyWebApp", "MyWebApp\MyWebApp.csproj", "{08626389-7EB9-4F9D-AC95-E8A9B7B4EA98}"
EndProject
Global
	GlobalSection(SolutionConfigurationPlatforms) = preSolution
		Debug|Any CPU = Debug|Any CPU
		Release|Any CPU = Release|Any CPU
	EndGlobalSection
	GlobalSection(SolutionProperties) = preSolution
		HideSolutionNode = FALSE
	EndGlobalSection
	GlobalSection(ProjectConfigurationPlatforms) = postSolution
		{DC8517C0-BAB1-49DD-A7D2-1FC9317FD70F}.Debug|Any CPU.ActiveCfg = Debug|Any CPU
		{DC8517C0-BAB1-49DD-A7D2-1FC9317FD70F}.Debug|Any CPU.Build.0 = Debug|Any CPU
		{DC8517C0-BAB1-49DD-A7D2-1FC9317FD70F}.Release|Any CPU.ActiveCfg = Release|Any CPU
		{DC8517C0-BAB1-49DD-A7D2-1FC9317FD70F}.Release|Any CPU.Build.0 = Release|Any CPU
		{08626389-7EB9-4F9D-AC95-E8A9B7B4EA98}.Debug|Any CPU.ActiveCfg = Debug|Any CPU
		{08626389-7EB9-4F9D-AC95-E8A9B7B4EA98}.Debug|Any CPU.Build.0 = Debug|Any CPU
		{08626389-7EB9-4F9D-AC95-E8A9B7B4EA98}.Release|Any CPU.ActiveCfg = Release|Any CPU
		{08626389-7EB9-4F9D-AC95-E8A9B7B4EA98}.Release|Any CPU.Build.0 = Release|Any CPU
	EndGlobalSection
EndGlobal
